
Microsoft Visual Studio Solution File, Format Version 12.00
# Visual Studio 15
VisualStudioVersion = 15.0.28307.1340
MinimumVisualStudioVersion = 10.0.40219.1
Project("{FAE04EC0-301F-11D3-BF4B-00C04F79EFBC}") = "GameFindClient", "pi19_02\GameFindWcf\GameFindClient\GameFindClient.csproj", "{0799CF36-D04C-4734-BE84-81C2E8BFFB5C}"
EndProject
Project("{FAE04EC0-301F-11D3-BF4B-00C04F79EFBC}") = "GameFindServer", "pi19_02\GameFindWcf\GameFindServer\GameFindServer.csproj", "{81C5BFC7-6958-47C5-A883-DA1F5F424864}"
EndProject
Project("{FAE04EC0-301F-11D3-BF4B-00C04F79EFBC}") = "Game.Find", "pi19_02\GameFindWcf\Game.Find\Game.Find.csproj", "{087D4788-73EE-4E84-AF27-2C3D7E666514}"
EndProject
Project("{FAE04EC0-301F-11D3-BF4B-00C04F79EFBC}") = "Game.Find.Server", "pi19_02\GameFindWcf\Game.Find.Server\Game.Find.Server.csproj", "{17BE7CD2-753A-40BF-8312-DF6084F4A6F9}"
EndProject
Global
	GlobalSection(SolutionConfigurationPlatforms) = preSolution
		Debug|Any CPU = Debug|Any CPU
		Release|Any CPU = Release|Any CPU
	EndGlobalSection
	GlobalSection(ProjectConfigurationPlatforms) = postSolution
		{0799CF36-D04C-4734-BE84-81C2E8BFFB5C}.Debug|Any CPU.ActiveCfg = Debug|Any CPU
		{0799CF36-D04C-4734-BE84-81C2E8BFFB5C}.Debug|Any CPU.Build.0 = Debug|Any CPU
		{0799CF36-D04C-4734-BE84-81C2E8BFFB5C}.Release|Any CPU.ActiveCfg = Release|Any CPU
		{0799CF36-D04C-4734-BE84-81C2E8BFFB5C}.Release|Any CPU.Build.0 = Release|Any CPU
		{81C5BFC7-6958-47C5-A883-DA1F5F424864}.Debug|Any CPU.ActiveCfg = Debug|Any CPU
		{81C5BFC7-6958-47C5-A883-DA1F5F424864}.Debug|Any CPU.Build.0 = Debug|Any CPU
		{81C5BFC7-6958-47C5-A883-DA1F5F424864}.Release|Any CPU.ActiveCfg = Release|Any CPU
		{81C5BFC7-6958-47C5-A883-DA1F5F424864}.Release|Any CPU.Build.0 = Release|Any CPU
		{087D4788-73EE-4E84-AF27-2C3D7E666514}.Debug|Any CPU.ActiveCfg = Debug|Any CPU
		{087D4788-73EE-4E84-AF27-2C3D7E666514}.Debug|Any CPU.Build.0 = Debug|Any CPU
		{087D4788-73EE-4E84-AF27-2C3D7E666514}.Release|Any CPU.ActiveCfg = Release|Any CPU
		{087D4788-73EE-4E84-AF27-2C3D7E666514}.Release|Any CPU.Build.0 = Release|Any CPU
		{17BE7CD2-753A-40BF-8312-DF6084F4A6F9}.Debug|Any CPU.ActiveCfg = Debug|Any CPU
		{17BE7CD2-753A-40BF-8312-DF6084F4A6F9}.Debug|Any CPU.Build.0 = Debug|Any CPU
		{17BE7CD2-753A-40BF-8312-DF6084F4A6F9}.Release|Any CPU.ActiveCfg = Release|Any CPU
		{17BE7CD2-753A-40BF-8312-DF6084F4A6F9}.Release|Any CPU.Build.0 = Release|Any CPU
	EndGlobalSection
	GlobalSection(SolutionProperties) = preSolution
		HideSolutionNode = FALSE
	EndGlobalSection
	GlobalSection(ExtensibilityGlobals) = postSolution
		SolutionGuid = {1FAB7524-9DB7-4E21-B406-E72CF24ED14B}
	EndGlobalSection
EndGlobal
